// !$*UTF8*$!
{
	archiveVersion = 1;
	classes = {
	};
	objectVersion = 77;
	objects = {

/* Begin PBXContainerItemProxy section */
		C272BBDE2E2CABB500DDD72C /* PBXContainerItemProxy */ = {
			isa = PBXContainerItemProxy;
			containerPortal = C272BBC72E2CABB400DDD72C /* Project object */;
			proxyType = 1;
			remoteGlobalIDString = C272BBCE2E2CABB400DDD72C;
			remoteInfo = "mac-switcher";
		};
		C272BBE82E2CABB500DDD72C /* PBXContainerItemProxy */ = {
			isa = PBXContainerItemProxy;
			containerPortal = C272BBC72E2CABB400DDD72C /* Project object */;
			proxyType = 1;
			remoteGlobalIDString = C272BBCE2E2CABB400DDD72C;
			remoteInfo = "mac-switcher";
		};
/* End PBXContainerItemProxy section */

/* Begin PBXFileReference section */
		C272BBCF2E2CABB400DDD72C /* mac-switcher.app */ = {isa = PBXFileReference; explicitFileType = wrapper.application; includeInIndex = 0; path = "mac-switcher.app"; sourceTree = BUILT_PRODUCTS_DIR; };
		C272BBDD2E2CABB500DDD72C /* mac-switcherTests.xctest */ = {isa = PBXFileReference; explicitFileType = wrapper.cfbundle; includeInIndex = 0; path = "mac-switcherTests.xctest"; sourceTree = BUILT_PRODUCTS_DIR; };
		C272BBE72E2CABB500DDD72C /* mac-switcherUITests.xctest */ = {isa = PBXFileReference; explicitFileType = wrapper.cfbundle; includeInIndex = 0; path = "mac-switcherUITests.xctest"; sourceTree = BUILT_PRODUCTS_DIR; };
/* End PBXFileReference section */

/* Begin PBXFileSystemSynchronizedRootGroup section */
		C272BBD12E2CABB400DDD72C /* mac-switcher */ = {
			isa = PBXFileSystemSynchronizedRootGroup;
			path = "mac-switcher";
			sourceTree = "<group>";
		};
		C272BBE02E2CABB500DDD72C /* mac-switcherTests */ = {
			isa = PBXFileSystemSynchronizedRootGroup;
			path = "mac-switcherTests";
			sourceTree = "<group>";
		};
		C272BBEA2E2CABB500DDD72C /* mac-switcherUITests */ = {
			isa = PBXFileSystemSynchronizedRootGroup;
			path = "mac-switcherUITests";
			sourceTree = "<group>";
		};
/* End PBXFileSystemSynchronizedRootGroup section */

/* Begin PBXFrameworksBuildPhase section */
		C272BBCC2E2CABB400DDD72C /* Frameworks */ = {
			isa = PBXFrameworksBuildPhase;
			buildActionMask = 2147483647;
			files = (
			);
			runOnlyForDeploymentPostprocessing = 0;
		};
		C272BBDA2E2CABB500DDD72C /* Frameworks */ = {
			isa = PBXFrameworksBuildPhase;
			buildActionMask = 2147483647;
			files = (
			);
			runOnlyForDeploymentPostprocessing = 0;
		};
		C272BBE42E2CABB500DDD72C /* Frameworks */ = {
			isa = PBXFrameworksBuildPhase;
			buildActionMask = 2147483647;
			files = (
			);
			runOnlyForDeploymentPostprocessing = 0;
		};
/* End PBXFrameworksBuildPhase section */

/* Begin PBXGroup section */
		C272BBC62E2CABB400DDD72C = {
			isa = PBXGroup;
			children = (
				C272BBD12E2CABB400DDD72C /* mac-switcher */,
				C272BBE02E2CABB500DDD72C /* mac-switcherTests */,
				C272BBEA2E2CABB500DDD72C /* mac-switcherUITests */,
				C272BBD02E2CABB400DDD72C /* Products */,
			);
			sourceTree = "<group>";
		};
		C272BBD02E2CABB400DDD72C /* Products */ = {
			isa = PBXGroup;
			children = (
				C272BBCF2E2CABB400DDD72C /* mac-switcher.app */,
				C272BBDD2E2CABB500DDD72C /* mac-switcherTests.xctest */,
				C272BBE72E2CABB500DDD72C /* mac-switcherUITests.xctest */,
			);
			name = Products;
			sourceTree = "<group>";
		};
/* End PBXGroup section */

/* Begin PBXNativeTarget section */
		C272BBCE2E2CABB400DDD72C /* mac-switcher */ = {
			isa = PBXNativeTarget;
			buildConfigurationList = C272BBF12E2CABB500DDD72C /* Build configuration list for PBXNativeTarget "mac-switcher" */;
			buildPhases = (
				C272BBCB2E2CABB400DDD72C /* Sources */,
				C272BBCC2E2CABB400DDD72C /* Frameworks */,
				C272BBCD2E2CABB400DDD72C /* Resources */,
			);
			buildRules = (
			);
			dependencies = (
			);
			fileSystemSynchronizedGroups = (
				C272BBD12E2CABB400DDD72C /* mac-switcher */,
			);
			name = "mac-switcher";
			packageProductDependencies = (
			);
			productName = "mac-switcher";
			productReference = C272BBCF2E2CABB400DDD72C /* mac-switcher.app */;
			productType = "com.apple.product-type.application";
		};
		C272BBDC2E2CABB500DDD72C /* mac-switcherTests */ = {
			isa = PBXNativeTarget;
			buildConfigurationList = C272BBF42E2CABB500DDD72C /* Build configuration list for PBXNativeTarget "mac-switcherTests" */;
			buildPhases = (
				C272BBD92E2CABB500DDD72C /* Sources */,
				C272BBDA2E2CABB500DDD72C /* Frameworks */,
				C272BBDB2E2CABB500DDD72C /* Resources */,
			);
			buildRules = (
			);
			dependencies = (
				C272BBDF2E2CABB500DDD72C /* PBXTargetDependency */,
			);
			fileSystemSynchronizedGroups = (
				C272BBE02E2CABB500DDD72C /* mac-switcherTests */,
			);
			name = "mac-switcherTests";
			packageProductDependencies = (
			);
			productName = "mac-switcherTests";
			productReference = C272BBDD2E2CABB500DDD72C /* mac-switcherTests.xctest */;
			productType = "com.apple.product-type.bundle.unit-test";
		};
		C272BBE62E2CABB500DDD72C /* mac-switcherUITests */ = {
			isa = PBXNativeTarget;
			buildConfigurationList = C272BBF72E2CABB500DDD72C /* Build configuration list for PBXNativeTarget "mac-switcherUITests" */;
			buildPhases = (
				C272BBE32E2CABB500DDD72C /* Sources */,
				C272BBE42E2CABB500DDD72C /* Frameworks */,
				C272BBE52E2CABB500DDD72C /* Resources */,
			);
			buildRules = (
			);
			dependencies = (
				C272BBE92E2CABB500DDD72C /* PBXTargetDependency */,
			);
			fileSystemSynchronizedGroups = (
				C272BBEA2E2CABB500DDD72C /* mac-switcherUITests */,
			);
			name = "mac-switcherUITests";
			packageProductDependencies = (
			);
			productName = "mac-switcherUITests";
			productReference = C272BBE72E2CABB500DDD72C /* mac-switcherUITests.xctest */;
			productType = "com.apple.product-type.bundle.ui-testing";
		};
/* End PBXNativeTarget section */

/* Begin PBXProject section */
		C272BBC72E2CABB400DDD72C /* Project object */ = {
			isa = PBXProject;
			attributes = {
				BuildIndependentTargetsInParallel = 1;
				LastSwiftUpdateCheck = 1640;
				LastUpgradeCheck = 1640;
				TargetAttributes = {
					C272BBCE2E2CABB400DDD72C = {
						CreatedOnToolsVersion = 16.4;
					};
					C272BBDC2E2CABB500DDD72C = {
						CreatedOnToolsVersion = 16.4;
						TestTargetID = C272BBCE2E2CABB400DDD72C;
					};
					C272BBE62E2CABB500DDD72C = {
						CreatedOnToolsVersion = 16.4;
						TestTargetID = C272BBCE2E2CABB400DDD72C;
					};
				};
			};
			buildConfigurationList = C272BBCA2E2CABB400DDD72C /* Build configuration list for PBXProject "mac-switcher" */;
			developmentRegion = en;
			hasScannedForEncodings = 0;
			knownRegions = (
				en,
				Base,
			);
			mainGroup = C272BBC62E2CABB400DDD72C;
			minimizedProjectReferenceProxies = 1;
			preferredProjectObjectVersion = 77;
			productRefGroup = C272BBD02E2CABB400DDD72C /* Products */;
			projectDirPath = "";
			projectRoot = "";
			targets = (
				C272BBCE2E2CABB400DDD72C /* mac-switcher */,
				C272BBDC2E2CABB500DDD72C /* mac-switcherTests */,
				C272BBE62E2CABB500DDD72C /* mac-switcherUITests */,
			);
		};
/* End PBXProject section */

/* Begin PBXResourcesBuildPhase section */
		C272BBCD2E2CABB400DDD72C /* Resources */ = {
			isa = PBXResourcesBuildPhase;
			buildActionMask = 2147483647;
			files = (
			);
			runOnlyForDeploymentPostprocessing = 0;
		};
		C272BBDB2E2CABB500DDD72C /* Resources */ = {
			isa = PBXResourcesBuildPhase;
			buildActionMask = 2147483647;
			files = (
			);
			runOnlyForDeploymentPostprocessing = 0;
		};
		C272BBE52E2CABB500DDD72C /* Resources */ = {
			isa = PBXResourcesBuildPhase;
			buildActionMask = 2147483647;
			files = (
			);
			runOnlyForDeploymentPostprocessing = 0;
		};
/* End PBXResourcesBuildPhase section */

/* Begin PBXSourcesBuildPhase section */
		C272BBCB2E2CABB400DDD72C /* Sources */ = {
			isa = PBXSourcesBuildPhase;
			buildActionMask = 2147483647;
			files = (
			);
			runOnlyForDeploymentPostprocessing = 0;
		};
		C272BBD92E2CABB500DDD72C /* Sources */ = {
			isa = PBXSourcesBuildPhase;
			buildActionMask = 2147483647;
			files = (
			);
			runOnlyForDeploymentPostprocessing = 0;
		};
		C272BBE32E2CABB500DDD72C /* Sources */ = {
			isa = PBXSourcesBuildPhase;
			buildActionMask = 2147483647;
			files = (
			);
			runOnlyForDeploymentPostprocessing = 0;
		};
/* End PBXSourcesBuildPhase section */

/* Begin PBXTargetDependency section */
		C272BBDF2E2CABB500DDD72C /* PBXTargetDependency */ = {
			isa = PBXTargetDependency;
			target = C272BBCE2E2CABB400DDD72C /* mac-switcher */;
			targetProxy = C272BBDE2E2CABB500DDD72C /* PBXContainerItemProxy */;
		};
		C272BBE92E2CABB500DDD72C /* PBXTargetDependency */ = {
			isa = PBXTargetDependency;
			target = C272BBCE2E2CABB400DDD72C /* mac-switcher */;
			targetProxy = C272BBE82E2CABB500DDD72C /* PBXContainerItemProxy */;
		};
/* End PBXTargetDependency section */

/* Begin XCBuildConfiguration section */
		C272BBEF2E2CABB500DDD72C /* Debug */ = {
			isa = XCBuildConfiguration;
			buildSettings = {
				ALWAYS_SEARCH_USER_PATHS = NO;
				ASSETCATALOG_COMPILER_GENERATE_SWIFT_ASSET_SYMBOL_EXTENSIONS = YES;
				CLANG_ANALYZER_NONNULL = YES;
				CLANG_ANALYZER_NUMBER_OBJECT_CONVERSION = YES_AGGRESSIVE;
				CLANG_CXX_LANGUAGE_STANDARD = "gnu++20";
				CLANG_ENABLE_MODULES = YES;
				CLANG_ENABLE_OBJC_ARC = YES;
				CLANG_ENABLE_OBJC_WEAK = YES;
				CLANG_WARN_BLOCK_CAPTURE_AUTORELEASING = YES;
				CLANG_WARN_BOOL_CONVERSION = YES;
				CLANG_WARN_COMMA = YES;
				CLANG_WARN_CONSTANT_CONVERSION = YES;
				CLANG_WARN_DEPRECATED_OBJC_IMPLEMENTATIONS = YES;
				CLANG_WARN_DIRECT_OBJC_ISA_USAGE = YES_ERROR;
				CLANG_WARN_DOCUMENTATION_COMMENTS = YES;
				CLANG_WARN_EMPTY_BODY = YES;
				CLANG_WARN_ENUM_CONVERSION = YES;
				CLANG_WARN_INFINITE_RECURSION = YES;
				CLANG_WARN_INT_CONVERSION = YES;
				CLANG_WARN_NON_LITERAL_NULL_CONVERSION = YES;
				CLANG_WARN_OBJC_IMPLICIT_RETAIN_SELF = YES;
				CLANG_WARN_OBJC_LITERAL_CONVERSION = YES;
				CLANG_WARN_OBJC_ROOT_CLASS = YES_ERROR;
				CLANG_WARN_QUOTED_INCLUDE_IN_FRAMEWORK_HEADER = YES;
				CLANG_WARN_RANGE_LOOP_ANALYSIS = YES;
				CLANG_WARN_STRICT_PROTOTYPES = YES;
				CLANG_WARN_SUSPICIOUS_MOVE = YES;
				CLANG_WARN_UNGUARDED_AVAILABILITY = YES_AGGRESSIVE;
				CLANG_WARN_UNREACHABLE_CODE = YES;
				CLANG_WARN__DUPLICATE_METHOD_MATCH = YES;
				COPY_PHASE_STRIP = NO;
				DEBUG_INFORMATION_FORMAT = dwarf;
				ENABLE_STRICT_OBJC_MSGSEND = YES;
				ENABLE_TESTABILITY = YES;
				ENABLE_USER_SCRIPT_SANDBOXING = YES;
				GCC_C_LANGUAGE_STANDARD = gnu17;
				GCC_DYNAMIC_NO_PIC = NO;
				GCC_NO_COMMON_BLOCKS = YES;
				GCC_OPTIMIZATION_LEVEL = 0;
				GCC_PREPROCESSOR_DEFINITIONS = (
					"DEBUG=1",
					"$(inherited)",
				);
				GCC_WARN_64_TO_32_BIT_CONVERSION = YES;
				GCC_WARN_ABOUT_RETURN_TYPE = YES_ERROR;
				GCC_WARN_UNDECLARED_SELECTOR = YES;
				GCC_WARN_UNINITIALIZED_AUTOS = YES_AGGRESSIVE;
				GCC_WARN_UNUSED_FUNCTION = YES;
				GCC_WARN_UNUSED_VARIABLE = YES;
				LOCALIZATION_PREFERS_STRING_CATALOGS = YES;
				MACOSX_DEPLOYMENT_TARGET = 15.5;
				MTL_ENABLE_DEBUG_INFO = INCLUDE_SOURCE;
				MTL_FAST_MATH = YES;
				ONLY_ACTIVE_ARCH = YES;
				SDKROOT = macosx;
				SWIFT_ACTIVE_COMPILATION_CONDITIONS = "DEBUG $(inherited)";
				SWIFT_OPTIMIZATION_LEVEL = "-Onone";
			};
			name = Debug;
		};
		C272BBF02E2CABB500DDD72C /* Release */ = {
			isa = XCBuildConfiguration;
			buildSettings = {
				ALWAYS_SEARCH_USER_PATHS = NO;
				ASSETCATALOG_COMPILER_GENERATE_SWIFT_ASSET_SYMBOL_EXTENSIONS = YES;
				CLANG_ANALYZER_NONNULL = YES;
				CLANG_ANALYZER_NUMBER_OBJECT_CONVERSION = YES_AGGRESSIVE;
				CLANG_CXX_LANGUAGE_STANDARD = "gnu++20";
				CLANG_ENABLE_MODULES = YES;
				CLANG_ENABLE_OBJC_ARC = YES;
				CLANG_ENABLE_OBJC_WEAK = YES;
				CLANG_WARN_BLOCK_CAPTURE_AUTORELEASING = YES;
				CLANG_WARN_BOOL_CONVERSION = YES;
				CLANG_WARN_COMMA = YES;
				CLANG_WARN_CONSTANT_CONVERSION = YES;
				CLANG_WARN_DEPRECATED_OBJC_IMPLEMENTATIONS = YES;
				CLANG_WARN_DIRECT_OBJC_ISA_USAGE = YES_ERROR;
				CLANG_WARN_DOCUMENTATION_COMMENTS = YES;
				CLANG_WARN_EMPTY_BODY = YES;
				CLANG_WARN_ENUM_CONVERSION = YES;
				CLANG_WARN_INFINITE_RECURSION = YES;
				CLANG_WARN_INT_CONVERSION = YES;
				CLANG_WARN_NON_LITERAL_NULL_CONVERSION = YES;
				CLANG_WARN_OBJC_IMPLICIT_RETAIN_SELF = YES;
				CLANG_WARN_OBJC_LITERAL_CONVERSION = YES;
				CLANG_WARN_OBJC_ROOT_CLASS = YES_ERROR;
				CLANG_WARN_QUOTED_INCLUDE_IN_FRAMEWORK_HEADER = YES;
				CLANG_WARN_RANGE_LOOP_ANALYSIS = YES;
				CLANG_WARN_STRICT_PROTOTYPES = YES;
				CLANG_WARN_SUSPICIOUS_MOVE = YES;
				CLANG_WARN_UNGUARDED_AVAILABILITY = YES_AGGRESSIVE;
				CLANG_WARN_UNREACHABLE_CODE = YES;
				CLANG_WARN__DUPLICATE_METHOD_MATCH = YES;
				COPY_PHASE_STRIP = NO;
				DEBUG_INFORMATION_FORMAT = "dwarf-with-dsym";
				ENABLE_NS_ASSERTIONS = NO;
				ENABLE_STRICT_OBJC_MSGSEND = YES;
				ENABLE_USER_SCRIPT_SANDBOXING = YES;
				GCC_C_LANGUAGE_STANDARD = gnu17;
				GCC_NO_COMMON_BLOCKS = YES;
				GCC_WARN_64_TO_32_BIT_CONVERSION = YES;
				GCC_WARN_ABOUT_RETURN_TYPE = YES_ERROR;
				GCC_WARN_UNDECLARED_SELECTOR = YES;
				GCC_WARN_UNINITIALIZED_AUTOS = YES_AGGRESSIVE;
				GCC_WARN_UNUSED_FUNCTION = YES;
				GCC_WARN_UNUSED_VARIABLE = YES;
				LOCALIZATION_PREFERS_STRING_CATALOGS = YES;
				MACOSX_DEPLOYMENT_TARGET = 15.5;
				MTL_ENABLE_DEBUG_INFO = NO;
				MTL_FAST_MATH = YES;
				SDKROOT = macosx;
				SWIFT_COMPILATION_MODE = wholemodule;
			};
			name = Release;
		};
		C272BBF22E2CABB500DDD72C /* Debug */ = {
			isa = XCBuildConfiguration;
			buildSettings = {
				ASSETCATALOG_COMPILER_APPICON_NAME = AppIcon;
				ASSETCATALOG_COMPILER_GLOBAL_ACCENT_COLOR_NAME = AccentColor;
				CODE_SIGN_ENTITLEMENTS = "mac-switcher/mac_switcher.entitlements";
				CODE_SIGN_STYLE = Automatic;
				COMBINE_HIDPI_IMAGES = YES;
				CURRENT_PROJECT_VERSION = 1;
				ENABLE_PREVIEWS = YES;
				GENERATE_INFOPLIST_FILE = YES;
				INFOPLIST_KEY_NSHumanReadableCopyright = "";
				LD_RUNPATH_SEARCH_PATHS = (
					"$(inherited)",
					"@executable_path/../Frameworks",
				);
				MARKETING_VERSION = 1.0;
				PRODUCT_BUNDLE_IDENTIFIER = "com.manup.mac-switcher";
				PRODUCT_NAME = "$(TARGET_NAME)";
				REGISTER_APP_GROUPS = YES;
				SWIFT_EMIT_LOC_STRINGS = YES;
				SWIFT_VERSION = 5.0;
			};
			name = Debug;
		};
		C272BBF32E2CABB500DDD72C /* Release */ = {
			isa = XCBuildConfiguration;
			buildSettings = {
				ASSETCATALOG_COMPILER_APPICON_NAME = AppIcon;
				ASSETCATALOG_COMPILER_GLOBAL_ACCENT_COLOR_NAME = AccentColor;
				CODE_SIGN_ENTITLEMENTS = "mac-switcher/mac_switcher.entitlements";
				CODE_SIGN_STYLE = Automatic;
				COMBINE_HIDPI_IMAGES = YES;
				CURRENT_PROJECT_VERSION = 1;
				ENABLE_PREVIEWS = YES;
				GENERATE_INFOPLIST_FILE = YES;
				INFOPLIST_KEY_NSHumanReadableCopyright = "";
				LD_RUNPATH_SEARCH_PATHS = (
					"$(inherited)",
					"@executable_path/../Frameworks",
				);
				MARKETING_VERSION = 1.0;
				PRODUCT_BUNDLE_IDENTIFIER = "com.manup.mac-switcher";
				PRODUCT_NAME = "$(TARGET_NAME)";
				REGISTER_APP_GROUPS = YES;
				SWIFT_EMIT_LOC_STRINGS = YES;
				SWIFT_VERSION = 5.0;
			};
			name = Release;
		};
		C272BBF52E2CABB500DDD72C /* Debug */ = {
			isa = XCBuildConfiguration;
			buildSettings = {
				BUNDLE_LOADER = "$(TEST_HOST)";
				CODE_SIGN_STYLE = Automatic;
				CURRENT_PROJECT_VERSION = 1;
				GENERATE_INFOPLIST_FILE = YES;
				MACOSX_DEPLOYMENT_TARGET = 15.5;
				MARKETING_VERSION = 1.0;
				PRODUCT_BUNDLE_IDENTIFIER = "com.manup.mac-switcherTests";
				PRODUCT_NAME = "$(TARGET_NAME)";
				SWIFT_EMIT_LOC_STRINGS = NO;
				SWIFT_VERSION = 5.0;
				TEST_HOST = "$(BUILT_PRODUCTS_DIR)/mac-switcher.app/$(BUNDLE_EXECUTABLE_FOLDER_PATH)/mac-switcher";
			};
			name = Debug;
		};
		C272BBF62E2CABB500DDD72C /* Release */ = {
			isa = XCBuildConfiguration;
			buildSettings = {
				BUNDLE_LOADER = "$(TEST_HOST)";
				CODE_SIGN_STYLE = Automatic;
				CURRENT_PROJECT_VERSION = 1;
				GENERATE_INFOPLIST_FILE = YES;
				MACOSX_DEPLOYMENT_TARGET = 15.5;
				MARKETING_VERSION = 1.0;
				PRODUCT_BUNDLE_IDENTIFIER = "com.manup.mac-switcherTests";
				PRODUCT_NAME = "$(TARGET_NAME)";
				SWIFT_EMIT_LOC_STRINGS = NO;
				SWIFT_VERSION = 5.0;
				TEST_HOST = "$(BUILT_PRODUCTS_DIR)/mac-switcher.app/$(BUNDLE_EXECUTABLE_FOLDER_PATH)/mac-switcher";
			};
			name = Release;
		};
		C272BBF82E2CABB500DDD72C /* Debug */ = {
			isa = XCBuildConfiguration;
			buildSettings = {
				CODE_SIGN_STYLE = Automatic;
				CURRENT_PROJECT_VERSION = 1;
				GENERATE_INFOPLIST_FILE = YES;
				MARKETING_VERSION = 1.0;
				PRODUCT_BUNDLE_IDENTIFIER = "com.manup.mac-switcherUITests";
				PRODUCT_NAME = "$(TARGET_NAME)";
				SWIFT_EMIT_LOC_STRINGS = NO;
				SWIFT_VERSION = 5.0;
				TEST_TARGET_NAME = "mac-switcher";
			};
			name = Debug;
		};
		C272BBF92E2CABB500DDD72C /* Release */ = {
			isa = XCBuildConfiguration;
			buildSettings = {
				CODE_SIGN_STYLE = Automatic;
				CURRENT_PROJECT_VERSION = 1;
				GENERATE_INFOPLIST_FILE = YES;
				MARKETING_VERSION = 1.0;
				PRODUCT_BUNDLE_IDENTIFIER = "com.manup.mac-switcherUITests";
				PRODUCT_NAME = "$(TARGET_NAME)";
				SWIFT_EMIT_LOC_STRINGS = NO;
				SWIFT_VERSION = 5.0;
				TEST_TARGET_NAME = "mac-switcher";
			};
			name = Release;
		};
/* End XCBuildConfiguration section */

/* Begin XCConfigurationList section */
		C272BBCA2E2CABB400DDD72C /* Build configuration list for PBXProject "mac-switcher" */ = {
			isa = XCConfigurationList;
			buildConfigurations = (
				C272BBEF2E2CABB500DDD72C /* Debug */,
				C272BBF02E2CABB500DDD72C /* Release */,
			);
			defaultConfigurationIsVisible = 0;
			defaultConfigurationName = Release;
		};
		C272BBF12E2CABB500DDD72C /* Build configuration list for PBXNativeTarget "mac-switcher" */ = {
			isa = XCConfigurationList;
			buildConfigurations = (
				C272BBF22E2CABB500DDD72C /* Debug */,
				C272BBF32E2CABB500DDD72C /* Release */,
			);
			defaultConfigurationIsVisible = 0;
			defaultConfigurationName = Release;
		};
		C272BBF42E2CABB500DDD72C /* Build configuration list for PBXNativeTarget "mac-switcherTests" */ = {
			isa = XCConfigurationList;
			buildConfigurations = (
				C272BBF52E2CABB500DDD72C /* Debug */,
				C272BBF62E2CABB500DDD72C /* Release */,
			);
			defaultConfigurationIsVisible = 0;
			defaultConfigurationName = Release;
		};
		C272BBF72E2CABB500DDD72C /* Build configuration list for PBXNativeTarget "mac-switcherUITests" */ = {
			isa = XCConfigurationList;
			buildConfigurations = (
				C272BBF82E2CABB500DDD72C /* Debug */,
				C272BBF92E2CABB500DDD72C /* Release */,
			);
			defaultConfigurationIsVisible = 0;
			defaultConfigurationName = Release;
		};
/* End XCConfigurationList section */
	};
	rootObject = C272BBC72E2CABB400DDD72C /* Project object */;
}
